// !$*UTF8*$!
{
	archiveVersion = 1;
	classes = {
	};
	objectVersion = 50;
	objects = {

/* Begin PBXBuildFile section */
		FB4FBE902148416D004D7E0D /* AppDelegate.swift in Sources */ = {isa = PBXBuildFile; fileRef = FB4FBE8F2148416D004D7E0D /* AppDelegate.swift */; };
		FB4FBE922148416D004D7E0D /* ViewController.swift in Sources */ = {isa = PBXBuildFile; fileRef = FB4FBE912148416D004D7E0D /* ViewController.swift */; };
		FB4FBE952148416D004D7E0D /* Main.storyboard in Resources */ = {isa = PBXBuildFile; fileRef = FB4FBE932148416D004D7E0D /* Main.storyboard */; };
		FB4FBE972148416F004D7E0D /* Assets.xcassets in Resources */ = {isa = PBXBuildFile; fileRef = FB4FBE962148416F004D7E0D /* Assets.xcassets */; };
		FB4FBE9A2148416F004D7E0D /* LaunchScreen.storyboard in Resources */ = {isa = PBXBuildFile; fileRef = FB4FBE982148416F004D7E0D /* LaunchScreen.storyboard */; };
		FB4FBEA52148416F004D7E0D /* mvvm_cTests.swift in Sources */ = {isa = PBXBuildFile; fileRef = FB4FBEA42148416F004D7E0D /* mvvm_cTests.swift */; };
/* End PBXBuildFile section */

/* Begin PBXContainerItemProxy section */
		FB4FBEA12148416F004D7E0D /* PBXContainerItemProxy */ = {
			isa = PBXContainerItemProxy;
			containerPortal = FB4FBE842148416D004D7E0D /* Project object */;
			proxyType = 1;
			remoteGlobalIDString = FB4FBE8B2148416D004D7E0D;
			remoteInfo = "mvvm-c";
		};
/* End PBXContainerItemProxy section */

/* Begin PBXFileReference section */
		FB4FBE8C2148416D004D7E0D /* mvvm-c.app */ = {isa = PBXFileReference; explicitFileType = wrapper.application; includeInIndex = 0; path = "mvvm-c.app"; sourceTree = BUILT_PRODUCTS_DIR; };
		FB4FBE8F2148416D004D7E0D /* AppDelegate.swift */ = {isa = PBXFileReference; lastKnownFileType = sourcecode.swift; path = AppDelegate.swift; sourceTree = "<group>"; };
		FB4FBE912148416D004D7E0D /* ViewController.swift */ = {isa = PBXFileReference; lastKnownFileType = sourcecode.swift; path = ViewController.swift; sourceTree = "<group>"; };
		FB4FBE942148416D004D7E0D /* Base */ = {isa = PBXFileReference; lastKnownFileType = file.storyboard; name = Base; path = Base.lproj/Main.storyboard; sourceTree = "<group>"; };
		FB4FBE962148416F004D7E0D /* Assets.xcassets */ = {isa = PBXFileReference; lastKnownFileType = folder.assetcatalog; path = Assets.xcassets; sourceTree = "<group>"; };
		FB4FBE992148416F004D7E0D /* Base */ = {isa = PBXFileReference; lastKnownFileType = file.storyboard; name = Base; path = Base.lproj/LaunchScreen.storyboard; sourceTree = "<group>"; };
		FB4FBE9B2148416F004D7E0D /* Info.plist */ = {isa = PBXFileReference; lastKnownFileType = text.plist.xml; path = Info.plist; sourceTree = "<group>"; };
		FB4FBEA02148416F004D7E0D /* mvvm-cTests.xctest */ = {isa = PBXFileReference; explicitFileType = wrapper.cfbundle; includeInIndex = 0; path = "mvvm-cTests.xctest"; sourceTree = BUILT_PRODUCTS_DIR; };
		FB4FBEA42148416F004D7E0D /* mvvm_cTests.swift */ = {isa = PBXFileReference; lastKnownFileType = sourcecode.swift; path = mvvm_cTests.swift; sourceTree = "<group>"; };
		FB4FBEA62148416F004D7E0D /* Info.plist */ = {isa = PBXFileReference; lastKnownFileType = text.plist.xml; path = Info.plist; sourceTree = "<group>"; };
/* End PBXFileReference section */

/* Begin PBXFrameworksBuildPhase section */
		FB4FBE892148416D004D7E0D /* Frameworks */ = {
			isa = PBXFrameworksBuildPhase;
			buildActionMask = 2147483647;
			files = (
			);
			runOnlyForDeploymentPostprocessing = 0;
		};
		FB4FBE9D2148416F004D7E0D /* Frameworks */ = {
			isa = PBXFrameworksBuildPhase;
			buildActionMask = 2147483647;
			files = (
			);
			runOnlyForDeploymentPostprocessing = 0;
		};
/* End PBXFrameworksBuildPhase section */

/* Begin PBXGroup section */
		FB4FBE832148416D004D7E0D = {
			isa = PBXGroup;
			children = (
				FB4FBE8E2148416D004D7E0D /* mvvm-c */,
				FB4FBEA32148416F004D7E0D /* mvvm-cTests */,
				FB4FBE8D2148416D004D7E0D /* Products */,
			);
			sourceTree = "<group>";
		};
		FB4FBE8D2148416D004D7E0D /* Products */ = {
			isa = PBXGroup;
			children = (
				FB4FBE8C2148416D004D7E0D /* mvvm-c.app */,
				FB4FBEA02148416F004D7E0D /* mvvm-cTests.xctest */,
			);
			name = Products;
			sourceTree = "<group>";
		};
		FB4FBE8E2148416D004D7E0D /* mvvm-c */ = {
			isa = PBXGroup;
			children = (
				FB4FBE8F2148416D004D7E0D /* AppDelegate.swift */,
				FB4FBE912148416D004D7E0D /* ViewController.swift */,
				FB4FBE932148416D004D7E0D /* Main.storyboard */,
				FB4FBE962148416F004D7E0D /* Assets.xcassets */,
				FB4FBE982148416F004D7E0D /* LaunchScreen.storyboard */,
				FB4FBE9B2148416F004D7E0D /* Info.plist */,
			);
			path = "mvvm-c";
			sourceTree = "<group>";
		};
		FB4FBEA32148416F004D7E0D /* mvvm-cTests */ = {
			isa = PBXGroup;
			children = (
				FB4FBEA42148416F004D7E0D /* mvvm_cTests.swift */,
				FB4FBEA62148416F004D7E0D /* Info.plist */,
			);
			path = "mvvm-cTests";
			sourceTree = "<group>";
		};
/* End PBXGroup section */

/* Begin PBXNativeTarget section */
		FB4FBE8B2148416D004D7E0D /* mvvm-c */ = {
			isa = PBXNativeTarget;
			buildConfigurationList = FB4FBEA92148416F004D7E0D /* Build configuration list for PBXNativeTarget "mvvm-c" */;
			buildPhases = (
				FB4FBE882148416D004D7E0D /* Sources */,
				FB4FBE892148416D004D7E0D /* Frameworks */,
				FB4FBE8A2148416D004D7E0D /* Resources */,
			);
			buildRules = (
			);
			dependencies = (
			);
			name = "mvvm-c";
			productName = "mvvm-c";
			productReference = FB4FBE8C2148416D004D7E0D /* mvvm-c.app */;
			productType = "com.apple.product-type.application";
		};
		FB4FBE9F2148416F004D7E0D /* mvvm-cTests */ = {
			isa = PBXNativeTarget;
			buildConfigurationList = FB4FBEAC2148416F004D7E0D /* Build configuration list for PBXNativeTarget "mvvm-cTests" */;
			buildPhases = (
				FB4FBE9C2148416F004D7E0D /* Sources */,
				FB4FBE9D2148416F004D7E0D /* Frameworks */,
				FB4FBE9E2148416F004D7E0D /* Resources */,
			);
			buildRules = (
			);
			dependencies = (
				FB4FBEA22148416F004D7E0D /* PBXTargetDependency */,
			);
			name = "mvvm-cTests";
			productName = "mvvm-cTests";
			productReference = FB4FBEA02148416F004D7E0D /* mvvm-cTests.xctest */;
			productType = "com.apple.product-type.bundle.unit-test";
		};
/* End PBXNativeTarget section */

/* Begin PBXProject section */
		FB4FBE842148416D004D7E0D /* Project object */ = {
			isa = PBXProject;
			attributes = {
				LastSwiftUpdateCheck = 0940;
				LastUpgradeCheck = 0940;
				ORGANIZATIONNAME = "Salenius Code AB";
				TargetAttributes = {
					FB4FBE8B2148416D004D7E0D = {
						CreatedOnToolsVersion = 9.4.1;
					};
					FB4FBE9F2148416F004D7E0D = {
						CreatedOnToolsVersion = 9.4.1;
						TestTargetID = FB4FBE8B2148416D004D7E0D;
					};
				};
			};
			buildConfigurationList = FB4FBE872148416D004D7E0D /* Build configuration list for PBXProject "mvvm-c" */;
			compatibilityVersion = "Xcode 9.3";
			developmentRegion = en;
			hasScannedForEncodings = 0;
			knownRegions = (
				en,
				Base,
			);
			mainGroup = FB4FBE832148416D004D7E0D;
			productRefGroup = FB4FBE8D2148416D004D7E0D /* Products */;
			projectDirPath = "";
			projectRoot = "";
			targets = (
				FB4FBE8B2148416D004D7E0D /* mvvm-c */,
				FB4FBE9F2148416F004D7E0D /* mvvm-cTests */,
			);
		};
/* End PBXProject section */

/* Begin PBXResourcesBuildPhase section */
		FB4FBE8A2148416D004D7E0D /* Resources */ = {
			isa = PBXResourcesBuildPhase;
			buildActionMask = 2147483647;
			files = (
				FB4FBE9A2148416F004D7E0D /* LaunchScreen.storyboard in Resources */,
				FB4FBE972148416F004D7E0D /* Assets.xcassets in Resources */,
				FB4FBE952148416D004D7E0D /* Main.storyboard in Resources */,
			);
			runOnlyForDeploymentPostprocessing = 0;
		};
		FB4FBE9E2148416F004D7E0D /* Resources */ = {
			isa = PBXResourcesBuildPhase;
			buildActionMask = 2147483647;
			files = (
			);
			runOnlyForDeploymentPostprocessing = 0;
		};
/* End PBXResourcesBuildPhase section */

/* Begin PBXSourcesBuildPhase section */
		FB4FBE882148416D004D7E0D /* Sources */ = {
			isa = PBXSourcesBuildPhase;
			buildActionMask = 2147483647;
			files = (
				FB4FBE922148416D004D7E0D /* ViewController.swift in Sources */,
				FB4FBE902148416D004D7E0D /* AppDelegate.swift in Sources */,
			);
			runOnlyForDeploymentPostprocessing = 0;
		};
		FB4FBE9C2148416F004D7E0D /* Sources */ = {
			isa = PBXSourcesBuildPhase;
			buildActionMask = 2147483647;
			files = (
				FB4FBEA52148416F004D7E0D /* mvvm_cTests.swift in Sources */,
			);
			runOnlyForDeploymentPostprocessing = 0;
		};
/* End PBXSourcesBuildPhase section */

/* Begin PBXTargetDependency section */
		FB4FBEA22148416F004D7E0D /* PBXTargetDependency */ = {
			isa = PBXTargetDependency;
			target = FB4FBE8B2148416D004D7E0D /* mvvm-c */;
			targetProxy = FB4FBEA12148416F004D7E0D /* PBXContainerItemProxy */;
		};
/* End PBXTargetDependency section */

/* Begin PBXVariantGroup section */
		FB4FBE932148416D004D7E0D /* Main.storyboard */ = {
			isa = PBXVariantGroup;
			children = (
				FB4FBE942148416D004D7E0D /* Base */,
			);
			name = Main.storyboard;
			sourceTree = "<group>";
		};
		FB4FBE982148416F004D7E0D /* LaunchScreen.storyboard */ = {
			isa = PBXVariantGroup;
			children = (
				FB4FBE992148416F004D7E0D /* Base */,
			);
			name = LaunchScreen.storyboard;
			sourceTree = "<group>";
		};
/* End PBXVariantGroup section */

/* Begin XCBuildConfiguration section */
		FB4FBEA72148416F004D7E0D /* Debug */ = {
			isa = XCBuildConfiguration;
			buildSettings = {
				ALWAYS_SEARCH_USER_PATHS = NO;
				CLANG_ANALYZER_NONNULL = YES;
				CLANG_ANALYZER_NUMBER_OBJECT_CONVERSION = YES_AGGRESSIVE;
				CLANG_CXX_LANGUAGE_STANDARD = "gnu++14";
				CLANG_CXX_LIBRARY = "libc++";
				CLANG_ENABLE_MODULES = YES;
				CLANG_ENABLE_OBJC_ARC = YES;
				CLANG_ENABLE_OBJC_WEAK = YES;
				CLANG_WARN_BLOCK_CAPTURE_AUTORELEASING = YES;
				CLANG_WARN_BOOL_CONVERSION = YES;
				CLANG_WARN_COMMA = YES;
				CLANG_WARN_CONSTANT_CONVERSION = YES;
				CLANG_WARN_DEPRECATED_OBJC_IMPLEMENTATIONS = YES;
				CLANG_WARN_DIRECT_OBJC_ISA_USAGE = YES_ERROR;
				CLANG_WARN_DOCUMENTATION_COMMENTS = YES;
				CLANG_WARN_EMPTY_BODY = YES;
				CLANG_WARN_ENUM_CONVERSION = YES;
				CLANG_WARN_INFINITE_RECURSION = YES;
				CLANG_WARN_INT_CONVERSION = YES;
				CLANG_WARN_NON_LITERAL_NULL_CONVERSION = YES;
				CLANG_WARN_OBJC_IMPLICIT_RETAIN_SELF = YES;
				CLANG_WARN_OBJC_LITERAL_CONVERSION = YES;
				CLANG_WARN_OBJC_ROOT_CLASS = YES_ERROR;
				CLANG_WARN_RANGE_LOOP_ANALYSIS = YES;
				CLANG_WARN_STRICT_PROTOTYPES = YES;
				CLANG_WARN_SUSPICIOUS_MOVE = YES;
				CLANG_WARN_UNGUARDED_AVAILABILITY = YES_AGGRESSIVE;
				CLANG_WARN_UNREACHABLE_CODE = YES;
				CLANG_WARN__DUPLICATE_METHOD_MATCH = YES;
				CODE_SIGN_IDENTITY = "iPhone Developer";
				COPY_PHASE_STRIP = NO;
				DEBUG_INFORMATION_FORMAT = dwarf;
				ENABLE_STRICT_OBJC_MSGSEND = YES;
				ENABLE_TESTABILITY = YES;
				GCC_C_LANGUAGE_STANDARD = gnu11;
				GCC_DYNAMIC_NO_PIC = NO;
				GCC_NO_COMMON_BLOCKS = YES;
				GCC_OPTIMIZATION_LEVEL = 0;
				GCC_PREPROCESSOR_DEFINITIONS = (
					"DEBUG=1",
					"$(inherited)",
				);
				GCC_WARN_64_TO_32_BIT_CONVERSION = YES;
				GCC_WARN_ABOUT_RETURN_TYPE = YES_ERROR;
				GCC_WARN_UNDECLARED_SELECTOR = YES;
				GCC_WARN_UNINITIALIZED_AUTOS = YES_AGGRESSIVE;
				GCC_WARN_UNUSED_FUNCTION = YES;
				GCC_WARN_UNUSED_VARIABLE = YES;
				IPHONEOS_DEPLOYMENT_TARGET = 11.4;
				MTL_ENABLE_DEBUG_INFO = YES;
				ONLY_ACTIVE_ARCH = YES;
				SDKROOT = iphoneos;
				SWIFT_ACTIVE_COMPILATION_CONDITIONS = DEBUG;
				SWIFT_OPTIMIZATION_LEVEL = "-Onone";
			};
			name = Debug;
		};
		FB4FBEA82148416F004D7E0D /* Release */ = {
			isa = XCBuildConfiguration;
			buildSettings = {
				ALWAYS_SEARCH_USER_PATHS = NO;
				CLANG_ANALYZER_NONNULL = YES;
				CLANG_ANALYZER_NUMBER_OBJECT_CONVERSION = YES_AGGRESSIVE;
				CLANG_CXX_LANGUAGE_STANDARD = "gnu++14";
				CLANG_CXX_LIBRARY = "libc++";
				CLANG_ENABLE_MODULES = YES;
				CLANG_ENABLE_OBJC_ARC = YES;
				CLANG_ENABLE_OBJC_WEAK = YES;
				CLANG_WARN_BLOCK_CAPTURE_AUTORELEASING = YES;
				CLANG_WARN_BOOL_CONVERSION = YES;
				CLANG_WARN_COMMA = YES;
				CLANG_WARN_CONSTANT_CONVERSION = YES;
				CLANG_WARN_DEPRECATED_OBJC_IMPLEMENTATIONS = YES;
				CLANG_WARN_DIRECT_OBJC_ISA_USAGE = YES_ERROR;
				CLANG_WARN_DOCUMENTATION_COMMENTS = YES;
				CLANG_WARN_EMPTY_BODY = YES;
				CLANG_WARN_ENUM_CONVERSION = YES;
				CLANG_WARN_INFINITE_RECURSION = YES;
				CLANG_WARN_INT_CONVERSION = YES;
				CLANG_WARN_NON_LITERAL_NULL_CONVERSION = YES;
				CLANG_WARN_OBJC_IMPLICIT_RETAIN_SELF = YES;
				CLANG_WARN_OBJC_LITERAL_CONVERSION = YES;
				CLANG_WARN_OBJC_ROOT_CLASS = YES_ERROR;
				CLANG_WARN_RANGE_LOOP_ANALYSIS = YES;
				CLANG_WARN_STRICT_PROTOTYPES = YES;
				CLANG_WARN_SUSPICIOUS_MOVE = YES;
				CLANG_WARN_UNGUARDED_AVAILABILITY = YES_AGGRESSIVE;
				CLANG_WARN_UNREACHABLE_CODE = YES;
				CLANG_WARN__DUPLICATE_METHOD_MATCH = YES;
				CODE_SIGN_IDENTITY = "iPhone Developer";
				COPY_PHASE_STRIP = NO;
				DEBUG_INFORMATION_FORMAT = "dwarf-with-dsym";
				ENABLE_NS_ASSERTIONS = NO;
				ENABLE_STRICT_OBJC_MSGSEND = YES;
				GCC_C_LANGUAGE_STANDARD = gnu11;
				GCC_NO_COMMON_BLOCKS = YES;
				GCC_WARN_64_TO_32_BIT_CONVERSION = YES;
				GCC_WARN_ABOUT_RETURN_TYPE = YES_ERROR;
				GCC_WARN_UNDECLARED_SELECTOR = YES;
				GCC_WARN_UNINITIALIZED_AUTOS = YES_AGGRESSIVE;
				GCC_WARN_UNUSED_FUNCTION = YES;
				GCC_WARN_UNUSED_VARIABLE = YES;
				IPHONEOS_DEPLOYMENT_TARGET = 11.4;
				MTL_ENABLE_DEBUG_INFO = NO;
				SDKROOT = iphoneos;
				SWIFT_COMPILATION_MODE = wholemodule;
				SWIFT_OPTIMIZATION_LEVEL = "-O";
				VALIDATE_PRODUCT = YES;
			};
			name = Release;
		};
		FB4FBEAA2148416F004D7E0D /* Debug */ = {
			isa = XCBuildConfiguration;
			buildSettings = {
				ASSETCATALOG_COMPILER_APPICON_NAME = AppIcon;
				CODE_SIGN_STYLE = Automatic;
				DEVELOPMENT_TEAM = 847UKKJGYC;
				INFOPLIST_FILE = "mvvm-c/Info.plist";
				LD_RUNPATH_SEARCH_PATHS = (
					"$(inherited)",
					"@executable_path/Frameworks",
				);
				PRODUCT_BUNDLE_IDENTIFIER = "sit.mvvm-c";
				PRODUCT_NAME = "$(TARGET_NAME)";
				SWIFT_VERSION = 4.0;
				TARGETED_DEVICE_FAMILY = "1,2";
			};
			name = Debug;
		};
		FB4FBEAB2148416F004D7E0D /* Release */ = {
			isa = XCBuildConfiguration;
			buildSettings = {
				ASSETCATALOG_COMPILER_APPICON_NAME = AppIcon;
				CODE_SIGN_STYLE = Automatic;
				DEVELOPMENT_TEAM = 847UKKJGYC;
				INFOPLIST_FILE = "mvvm-c/Info.plist";
				LD_RUNPATH_SEARCH_PATHS = (
					"$(inherited)",
					"@executable_path/Frameworks",
				);
				PRODUCT_BUNDLE_IDENTIFIER = "sit.mvvm-c";
				PRODUCT_NAME = "$(TARGET_NAME)";
				SWIFT_VERSION = 4.0;
				TARGETED_DEVICE_FAMILY = "1,2";
			};
			name = Release;
		};
		FB4FBEAD2148416F004D7E0D /* Debug */ = {
			isa = XCBuildConfiguration;
			buildSettings = {
				ALWAYS_EMBED_SWIFT_STANDARD_LIBRARIES = YES;
				BUNDLE_LOADER = "$(TEST_HOST)";
				CODE_SIGN_STYLE = Automatic;
				DEVELOPMENT_TEAM = 847UKKJGYC;
				INFOPLIST_FILE = "mvvm-cTests/Info.plist";
				LD_RUNPATH_SEARCH_PATHS = (
					"$(inherited)",
					"@executable_path/Frameworks",
					"@loader_path/Frameworks",
				);
				PRODUCT_BUNDLE_IDENTIFIER = "sit.mvvm-cTests";
				PRODUCT_NAME = "$(TARGET_NAME)";
				SWIFT_VERSION = 4.0;
				TARGETED_DEVICE_FAMILY = "1,2";
				TEST_HOST = "$(BUILT_PRODUCTS_DIR)/mvvm-c.app/mvvm-c";
			};
			name = Debug;
		};
		FB4FBEAE2148416F004D7E0D /* Release */ = {
			isa = XCBuildConfiguration;
			buildSettings = {
				ALWAYS_EMBED_SWIFT_STANDARD_LIBRARIES = YES;
				BUNDLE_LOADER = "$(TEST_HOST)";
				CODE_SIGN_STYLE = Automatic;
				DEVELOPMENT_TEAM = 847UKKJGYC;
				INFOPLIST_FILE = "mvvm-cTests/Info.plist";
				LD_RUNPATH_SEARCH_PATHS = (
					"$(inherited)",
					"@executable_path/Frameworks",
					"@loader_path/Frameworks",
				);
				PRODUCT_BUNDLE_IDENTIFIER = "sit.mvvm-cTests";
				PRODUCT_NAME = "$(TARGET_NAME)";
				SWIFT_VERSION = 4.0;
				TARGETED_DEVICE_FAMILY = "1,2";
				TEST_HOST = "$(BUILT_PRODUCTS_DIR)/mvvm-c.app/mvvm-c";
			};
			name = Release;
		};
/* End XCBuildConfiguration section */

/* Begin XCConfigurationList section */
		FB4FBE872148416D004D7E0D /* Build configuration list for PBXProject "mvvm-c" */ = {
			isa = XCConfigurationList;
			buildConfigurations = (
				FB4FBEA72148416F004D7E0D /* Debug */,
				FB4FBEA82148416F004D7E0D /* Release */,
			);
			defaultConfigurationIsVisible = 0;
			defaultConfigurationName = Release;
		};
		FB4FBEA92148416F004D7E0D /* Build configuration list for PBXNativeTarget "mvvm-c" */ = {
			isa = XCConfigurationList;
			buildConfigurations = (
				FB4FBEAA2148416F004D7E0D /* Debug */,
				FB4FBEAB2148416F004D7E0D /* Release */,
			);
			defaultConfigurationIsVisible = 0;
			defaultConfigurationName = Release;
		};
		FB4FBEAC2148416F004D7E0D /* Build configuration list for PBXNativeTarget "mvvm-cTests" */ = {
			isa = XCConfigurationList;
			buildConfigurations = (
				FB4FBEAD2148416F004D7E0D /* Debug */,
				FB4FBEAE2148416F004D7E0D /* Release */,
			);
			defaultConfigurationIsVisible = 0;
			defaultConfigurationName = Release;
		};
/* End XCConfigurationList section */
	};
	rootObject = FB4FBE842148416D004D7E0D /* Project object */;
}
